
Microsoft Visual Studio Solution File, Format Version 12.00
# Visual Studio 15
VisualStudioVersion = 15.0.28307.106
MinimumVisualStudioVersion = 10.0.40219.1
Project("{FAE04EC0-301F-11D3-BF4B-00C04F79EFBC}") = "AjustaEstoques", "AjustaEstoques\AjustaEstoques.csproj", "{A8DA5EAD-A197-41B6-8F5E-778E6D14E63F}"
EndProject
Global
	GlobalSection(SolutionConfigurationPlatforms) = preSolution
		Debug|Any CPU = Debug|Any CPU
		Release|Any CPU = Release|Any CPU
	EndGlobalSection
	GlobalSection(ProjectConfigurationPlatforms) = postSolution
		{A8DA5EAD-A197-41B6-8F5E-778E6D14E63F}.Debug|Any CPU.ActiveCfg = Debug|Any CPU
		{A8DA5EAD-A197-41B6-8F5E-778E6D14E63F}.Debug|Any CPU.Build.0 = Debug|Any CPU
		{A8DA5EAD-A197-41B6-8F5E-778E6D14E63F}.Release|Any CPU.ActiveCfg = Release|Any CPU
		{A8DA5EAD-A197-41B6-8F5E-778E6D14E63F}.Release|Any CPU.Build.0 = Release|Any CPU
	EndGlobalSection
	GlobalSection(SolutionProperties) = preSolution
		HideSolutionNode = FALSE
	EndGlobalSection
	GlobalSection(ExtensibilityGlobals) = postSolution
		SolutionGuid = {C0E58C53-0E24-49D7-86DF-269A0E674014}
	EndGlobalSection
EndGlobal
